
Microsoft Visual Studio Solution File, Format Version 12.00
# Visual Studio Version 16
VisualStudioVersion = 16.0.30204.135
MinimumVisualStudioVersion = 10.0.40219.1
Project("{FAE04EC0-301F-11D3-BF4B-00C04F79EFBC}") = "WebApplication1", "WebApplication1.csproj", "{22ECD123-A1A8-42E5-80DF-81F107FEF83A}"
EndProject
Project("{FAE04EC0-301F-11D3-BF4B-00C04F79EFBC}") = "WebApplication2", "..\WebApplication2\WebApplication2.csproj", "{CFD6D6FC-0DCE-4E1E-A39E-ADBDC81DA53C}"
EndProject
Project("{FAE04EC0-301F-11D3-BF4B-00C04F79EFBC}") = "WebApplication1.UnitTests", "..\WebApplication1.UnitTests\WebApplication1.UnitTests.csproj", "{C2E16949-4B9E-4B5E-97BF-6A0588605A71}"
EndProject
Project("{FAE04EC0-301F-11D3-BF4B-00C04F79EFBC}") = "WebApplication2.UnitTests", "..\WebApplication2.UnitTests\WebApplication2.UnitTests.csproj", "{AF8065BA-6A4B-4F35-B76C-204B6009FE86}"
EndProject
Global
	GlobalSection(SolutionConfigurationPlatforms) = preSolution
		Debug|Any CPU = Debug|Any CPU
		Release|Any CPU = Release|Any CPU
	EndGlobalSection
	GlobalSection(ProjectConfigurationPlatforms) = postSolution
		{22ECD123-A1A8-42E5-80DF-81F107FEF83A}.Debug|Any CPU.ActiveCfg = Debug|Any CPU
		{22ECD123-A1A8-42E5-80DF-81F107FEF83A}.Debug|Any CPU.Build.0 = Debug|Any CPU
		{22ECD123-A1A8-42E5-80DF-81F107FEF83A}.Release|Any CPU.ActiveCfg = Release|Any CPU
		{22ECD123-A1A8-42E5-80DF-81F107FEF83A}.Release|Any CPU.Build.0 = Release|Any CPU
		{CFD6D6FC-0DCE-4E1E-A39E-ADBDC81DA53C}.Debug|Any CPU.ActiveCfg = Debug|Any CPU
		{CFD6D6FC-0DCE-4E1E-A39E-ADBDC81DA53C}.Debug|Any CPU.Build.0 = Debug|Any CPU
		{CFD6D6FC-0DCE-4E1E-A39E-ADBDC81DA53C}.Release|Any CPU.ActiveCfg = Release|Any CPU
		{CFD6D6FC-0DCE-4E1E-A39E-ADBDC81DA53C}.Release|Any CPU.Build.0 = Release|Any CPU
		{C2E16949-4B9E-4B5E-97BF-6A0588605A71}.Debug|Any CPU.ActiveCfg = Debug|Any CPU
		{C2E16949-4B9E-4B5E-97BF-6A0588605A71}.Debug|Any CPU.Build.0 = Debug|Any CPU
		{C2E16949-4B9E-4B5E-97BF-6A0588605A71}.Release|Any CPU.ActiveCfg = Release|Any CPU
		{C2E16949-4B9E-4B5E-97BF-6A0588605A71}.Release|Any CPU.Build.0 = Release|Any CPU
		{AF8065BA-6A4B-4F35-B76C-204B6009FE86}.Debug|Any CPU.ActiveCfg = Debug|Any CPU
		{AF8065BA-6A4B-4F35-B76C-204B6009FE86}.Debug|Any CPU.Build.0 = Debug|Any CPU
		{AF8065BA-6A4B-4F35-B76C-204B6009FE86}.Release|Any CPU.ActiveCfg = Release|Any CPU
		{AF8065BA-6A4B-4F35-B76C-204B6009FE86}.Release|Any CPU.Build.0 = Release|Any CPU
	EndGlobalSection
	GlobalSection(SolutionProperties) = preSolution
		HideSolutionNode = FALSE
	EndGlobalSection
	GlobalSection(ExtensibilityGlobals) = postSolution
		SolutionGuid = {2591309E-2EC9-4574-83C6-27737185DA59}
	EndGlobalSection
EndGlobal
